// !$*UTF8*$!
{
	archiveVersion = 1;
	classes = {
	};
	objectVersion = 50;
	objects = {

/* Begin PBXBuildFile section */
		9DCC7D8F23DB541700A56E1B /* AppDelegate.swift in Sources */ = {isa = PBXBuildFile; fileRef = 9DCC7D8E23DB541700A56E1B /* AppDelegate.swift */; };
		9DCC7D9323DB541700A56E1B /* ViewController.swift in Sources */ = {isa = PBXBuildFile; fileRef = 9DCC7D9223DB541700A56E1B /* ViewController.swift */; };
		9DCC7D9823DB541800A56E1B /* Assets.xcassets in Resources */ = {isa = PBXBuildFile; fileRef = 9DCC7D9723DB541800A56E1B /* Assets.xcassets */; };
		9DCC7D9B23DB541800A56E1B /* LaunchScreen.storyboard in Resources */ = {isa = PBXBuildFile; fileRef = 9DCC7D9923DB541800A56E1B /* LaunchScreen.storyboard */; };
		9DCC7DA423DB54BA00A56E1B /* NavigationViewController.swift in Sources */ = {isa = PBXBuildFile; fileRef = 9DCC7DA323DB54BA00A56E1B /* NavigationViewController.swift */; };
		9DCC7DA923DB685600A56E1B /* ViewController+TableView.swift in Sources */ = {isa = PBXBuildFile; fileRef = 9DCC7DA823DB685600A56E1B /* ViewController+TableView.swift */; };
		9DCC7DAB23DB696D00A56E1B /* TableViewCell.swift in Sources */ = {isa = PBXBuildFile; fileRef = 9DCC7DAA23DB696D00A56E1B /* TableViewCell.swift */; };
		9DCC7DAE23DED02800A56E1B /* WeatherModel.xcdatamodeld in Sources */ = {isa = PBXBuildFile; fileRef = 9DCC7DAC23DED02800A56E1B /* WeatherModel.xcdatamodeld */; };
		D0EA869523DE099E00B509A0 /* NetworkManager.swift in Sources */ = {isa = PBXBuildFile; fileRef = D0EA869423DE099E00B509A0 /* NetworkManager.swift */; };
/* End PBXBuildFile section */

/* Begin PBXFileReference section */
		9DCC7D8B23DB541700A56E1B /* OpenWeatherApp.app */ = {isa = PBXFileReference; explicitFileType = wrapper.application; includeInIndex = 0; path = OpenWeatherApp.app; sourceTree = BUILT_PRODUCTS_DIR; };
		9DCC7D8E23DB541700A56E1B /* AppDelegate.swift */ = {isa = PBXFileReference; lastKnownFileType = sourcecode.swift; path = AppDelegate.swift; sourceTree = "<group>"; };
		9DCC7D9223DB541700A56E1B /* ViewController.swift */ = {isa = PBXFileReference; lastKnownFileType = sourcecode.swift; path = ViewController.swift; sourceTree = "<group>"; };
		9DCC7D9723DB541800A56E1B /* Assets.xcassets */ = {isa = PBXFileReference; lastKnownFileType = folder.assetcatalog; path = Assets.xcassets; sourceTree = "<group>"; };
		9DCC7D9A23DB541800A56E1B /* Base */ = {isa = PBXFileReference; lastKnownFileType = file.storyboard; name = Base; path = Base.lproj/LaunchScreen.storyboard; sourceTree = "<group>"; };
		9DCC7D9C23DB541800A56E1B /* Info.plist */ = {isa = PBXFileReference; lastKnownFileType = text.plist.xml; path = Info.plist; sourceTree = "<group>"; };
		9DCC7DA323DB54BA00A56E1B /* NavigationViewController.swift */ = {isa = PBXFileReference; lastKnownFileType = sourcecode.swift; path = NavigationViewController.swift; sourceTree = "<group>"; };
		9DCC7DA823DB685600A56E1B /* ViewController+TableView.swift */ = {isa = PBXFileReference; lastKnownFileType = sourcecode.swift; path = "ViewController+TableView.swift"; sourceTree = "<group>"; };
		9DCC7DAA23DB696D00A56E1B /* TableViewCell.swift */ = {isa = PBXFileReference; lastKnownFileType = sourcecode.swift; path = TableViewCell.swift; sourceTree = "<group>"; };
		9DCC7DAD23DED02800A56E1B /* WeatherModel.xcdatamodel */ = {isa = PBXFileReference; lastKnownFileType = wrapper.xcdatamodel; path = WeatherModel.xcdatamodel; sourceTree = "<group>"; };
		D0EA869423DE099E00B509A0 /* NetworkManager.swift */ = {isa = PBXFileReference; lastKnownFileType = sourcecode.swift; path = NetworkManager.swift; sourceTree = "<group>"; };
/* End PBXFileReference section */

/* Begin PBXFrameworksBuildPhase section */
		9DCC7D8823DB541700A56E1B /* Frameworks */ = {
			isa = PBXFrameworksBuildPhase;
			buildActionMask = 2147483647;
			files = (
			);
			runOnlyForDeploymentPostprocessing = 0;
		};
/* End PBXFrameworksBuildPhase section */

/* Begin PBXGroup section */
		9DCC7D8223DB541700A56E1B = {
			isa = PBXGroup;
			children = (
				9DCC7D8D23DB541700A56E1B /* OpenWeatherApp */,
				9DCC7D8C23DB541700A56E1B /* Products */,
			);
			sourceTree = "<group>";
		};
		9DCC7D8C23DB541700A56E1B /* Products */ = {
			isa = PBXGroup;
			children = (
				9DCC7D8B23DB541700A56E1B /* OpenWeatherApp.app */,
			);
			name = Products;
			sourceTree = "<group>";
		};
		9DCC7D8D23DB541700A56E1B /* OpenWeatherApp */ = {
			isa = PBXGroup;
			children = (
				D0EA869323DE099300B509A0 /* Manager */,
				9DCC7DA523DB67A900A56E1B /* Extensions */,
				9DCC7DA223DB54AC00A56E1B /* Controllers */,
				9DCC7D8E23DB541700A56E1B /* AppDelegate.swift */,
				9DCC7DAC23DED02800A56E1B /* WeatherModel.xcdatamodeld */,
				9DCC7DAA23DB696D00A56E1B /* TableViewCell.swift */,
				9DCC7D9723DB541800A56E1B /* Assets.xcassets */,
				9DCC7D9923DB541800A56E1B /* LaunchScreen.storyboard */,
				9DCC7D9C23DB541800A56E1B /* Info.plist */,
			);
			path = OpenWeatherApp;
			sourceTree = "<group>";
		};
		9DCC7DA223DB54AC00A56E1B /* Controllers */ = {
			isa = PBXGroup;
			children = (
				9DCC7D9223DB541700A56E1B /* ViewController.swift */,
				9DCC7DA323DB54BA00A56E1B /* NavigationViewController.swift */,
			);
			name = Controllers;
			sourceTree = "<group>";
		};
		9DCC7DA523DB67A900A56E1B /* Extensions */ = {
			isa = PBXGroup;
			children = (
				9DCC7DA823DB685600A56E1B /* ViewController+TableView.swift */,
			);
			path = Extensions;
			sourceTree = "<group>";
		};
		D0EA869323DE099300B509A0 /* Manager */ = {
			isa = PBXGroup;
			children = (
				D0EA869423DE099E00B509A0 /* NetworkManager.swift */,
			);
			name = Manager;
			sourceTree = "<group>";
		};
/* End PBXGroup section */

/* Begin PBXNativeTarget section */
		9DCC7D8A23DB541700A56E1B /* OpenWeatherApp */ = {
			isa = PBXNativeTarget;
			buildConfigurationList = 9DCC7D9F23DB541800A56E1B /* Build configuration list for PBXNativeTarget "OpenWeatherApp" */;
			buildPhases = (
				9DCC7D8723DB541700A56E1B /* Sources */,
				9DCC7D8823DB541700A56E1B /* Frameworks */,
				9DCC7D8923DB541700A56E1B /* Resources */,
			);
			buildRules = (
			);
			dependencies = (
			);
			name = OpenWeatherApp;
			productName = OpenWeatherApp;
			productReference = 9DCC7D8B23DB541700A56E1B /* OpenWeatherApp.app */;
			productType = "com.apple.product-type.application";
		};
/* End PBXNativeTarget section */

/* Begin PBXProject section */
		9DCC7D8323DB541700A56E1B /* Project object */ = {
			isa = PBXProject;
			attributes = {
				LastSwiftUpdateCheck = 1110;
				LastUpgradeCheck = 1110;
				ORGANIZATIONNAME = an.chernyshev;
				TargetAttributes = {
					9DCC7D8A23DB541700A56E1B = {
						CreatedOnToolsVersion = 11.1;
					};
				};
			};
			buildConfigurationList = 9DCC7D8623DB541700A56E1B /* Build configuration list for PBXProject "OpenWeatherApp" */;
			compatibilityVersion = "Xcode 9.3";
			developmentRegion = en;
			hasScannedForEncodings = 0;
			knownRegions = (
				en,
				Base,
			);
			mainGroup = 9DCC7D8223DB541700A56E1B;
			productRefGroup = 9DCC7D8C23DB541700A56E1B /* Products */;
			projectDirPath = "";
			projectRoot = "";
			targets = (
				9DCC7D8A23DB541700A56E1B /* OpenWeatherApp */,
			);
		};
/* End PBXProject section */

/* Begin PBXResourcesBuildPhase section */
		9DCC7D8923DB541700A56E1B /* Resources */ = {
			isa = PBXResourcesBuildPhase;
			buildActionMask = 2147483647;
			files = (
				9DCC7D9B23DB541800A56E1B /* LaunchScreen.storyboard in Resources */,
				9DCC7D9823DB541800A56E1B /* Assets.xcassets in Resources */,
			);
			runOnlyForDeploymentPostprocessing = 0;
		};
/* End PBXResourcesBuildPhase section */

/* Begin PBXSourcesBuildPhase section */
		9DCC7D8723DB541700A56E1B /* Sources */ = {
			isa = PBXSourcesBuildPhase;
			buildActionMask = 2147483647;
			files = (
				9DCC7DA423DB54BA00A56E1B /* NavigationViewController.swift in Sources */,
				9DCC7D9323DB541700A56E1B /* ViewController.swift in Sources */,
				D0EA869523DE099E00B509A0 /* NetworkManager.swift in Sources */,
				9DCC7DAB23DB696D00A56E1B /* TableViewCell.swift in Sources */,
				9DCC7DA923DB685600A56E1B /* ViewController+TableView.swift in Sources */,
				9DCC7D8F23DB541700A56E1B /* AppDelegate.swift in Sources */,
				9DCC7DAE23DED02800A56E1B /* WeatherModel.xcdatamodeld in Sources */,
			);
			runOnlyForDeploymentPostprocessing = 0;
		};
/* End PBXSourcesBuildPhase section */

/* Begin PBXVariantGroup section */
		9DCC7D9923DB541800A56E1B /* LaunchScreen.storyboard */ = {
			isa = PBXVariantGroup;
			children = (
				9DCC7D9A23DB541800A56E1B /* Base */,
			);
			name = LaunchScreen.storyboard;
			sourceTree = "<group>";
		};
/* End PBXVariantGroup section */

/* Begin XCBuildConfiguration section */
		9DCC7D9D23DB541800A56E1B /* Debug */ = {
			isa = XCBuildConfiguration;
			buildSettings = {
				ALWAYS_SEARCH_USER_PATHS = NO;
				CLANG_ANALYZER_NONNULL = YES;
				CLANG_ANALYZER_NUMBER_OBJECT_CONVERSION = YES_AGGRESSIVE;
				CLANG_CXX_LANGUAGE_STANDARD = "gnu++14";
				CLANG_CXX_LIBRARY = "libc++";
				CLANG_ENABLE_MODULES = YES;
				CLANG_ENABLE_OBJC_ARC = YES;
				CLANG_ENABLE_OBJC_WEAK = YES;
				CLANG_WARN_BLOCK_CAPTURE_AUTORELEASING = YES;
				CLANG_WARN_BOOL_CONVERSION = YES;
				CLANG_WARN_COMMA = YES;
				CLANG_WARN_CONSTANT_CONVERSION = YES;
				CLANG_WARN_DEPRECATED_OBJC_IMPLEMENTATIONS = YES;
				CLANG_WARN_DIRECT_OBJC_ISA_USAGE = YES_ERROR;
				CLANG_WARN_DOCUMENTATION_COMMENTS = YES;
				CLANG_WARN_EMPTY_BODY = YES;
				CLANG_WARN_ENUM_CONVERSION = YES;
				CLANG_WARN_INFINITE_RECURSION = YES;
				CLANG_WARN_INT_CONVERSION = YES;
				CLANG_WARN_NON_LITERAL_NULL_CONVERSION = YES;
				CLANG_WARN_OBJC_IMPLICIT_RETAIN_SELF = YES;
				CLANG_WARN_OBJC_LITERAL_CONVERSION = YES;
				CLANG_WARN_OBJC_ROOT_CLASS = YES_ERROR;
				CLANG_WARN_RANGE_LOOP_ANALYSIS = YES;
				CLANG_WARN_STRICT_PROTOTYPES = YES;
				CLANG_WARN_SUSPICIOUS_MOVE = YES;
				CLANG_WARN_UNGUARDED_AVAILABILITY = YES_AGGRESSIVE;
				CLANG_WARN_UNREACHABLE_CODE = YES;
				CLANG_WARN__DUPLICATE_METHOD_MATCH = YES;
				COPY_PHASE_STRIP = NO;
				DEBUG_INFORMATION_FORMAT = dwarf;
				ENABLE_STRICT_OBJC_MSGSEND = YES;
				ENABLE_TESTABILITY = YES;
				GCC_C_LANGUAGE_STANDARD = gnu11;
				GCC_DYNAMIC_NO_PIC = NO;
				GCC_NO_COMMON_BLOCKS = YES;
				GCC_OPTIMIZATION_LEVEL = 0;
				GCC_PREPROCESSOR_DEFINITIONS = (
					"DEBUG=1",
					"$(inherited)",
				);
				GCC_WARN_64_TO_32_BIT_CONVERSION = YES;
				GCC_WARN_ABOUT_RETURN_TYPE = YES_ERROR;
				GCC_WARN_UNDECLARED_SELECTOR = YES;
				GCC_WARN_UNINITIALIZED_AUTOS = YES_AGGRESSIVE;
				GCC_WARN_UNUSED_FUNCTION = YES;
				GCC_WARN_UNUSED_VARIABLE = YES;
				IPHONEOS_DEPLOYMENT_TARGET = 13.1;
				MTL_ENABLE_DEBUG_INFO = INCLUDE_SOURCE;
				MTL_FAST_MATH = YES;
				ONLY_ACTIVE_ARCH = YES;
				SDKROOT = iphoneos;
				SWIFT_ACTIVE_COMPILATION_CONDITIONS = DEBUG;
				SWIFT_OPTIMIZATION_LEVEL = "-Onone";
			};
			name = Debug;
		};
		9DCC7D9E23DB541800A56E1B /* Release */ = {
			isa = XCBuildConfiguration;
			buildSettings = {
				ALWAYS_SEARCH_USER_PATHS = NO;
				CLANG_ANALYZER_NONNULL = YES;
				CLANG_ANALYZER_NUMBER_OBJECT_CONVERSION = YES_AGGRESSIVE;
				CLANG_CXX_LANGUAGE_STANDARD = "gnu++14";
				CLANG_CXX_LIBRARY = "libc++";
				CLANG_ENABLE_MODULES = YES;
				CLANG_ENABLE_OBJC_ARC = YES;
				CLANG_ENABLE_OBJC_WEAK = YES;
				CLANG_WARN_BLOCK_CAPTURE_AUTORELEASING = YES;
				CLANG_WARN_BOOL_CONVERSION = YES;
				CLANG_WARN_COMMA = YES;
				CLANG_WARN_CONSTANT_CONVERSION = YES;
				CLANG_WARN_DEPRECATED_OBJC_IMPLEMENTATIONS = YES;
				CLANG_WARN_DIRECT_OBJC_ISA_USAGE = YES_ERROR;
				CLANG_WARN_DOCUMENTATION_COMMENTS = YES;
				CLANG_WARN_EMPTY_BODY = YES;
				CLANG_WARN_ENUM_CONVERSION = YES;
				CLANG_WARN_INFINITE_RECURSION = YES;
				CLANG_WARN_INT_CONVERSION = YES;
				CLANG_WARN_NON_LITERAL_NULL_CONVERSION = YES;
				CLANG_WARN_OBJC_IMPLICIT_RETAIN_SELF = YES;
				CLANG_WARN_OBJC_LITERAL_CONVERSION = YES;
				CLANG_WARN_OBJC_ROOT_CLASS = YES_ERROR;
				CLANG_WARN_RANGE_LOOP_ANALYSIS = YES;
				CLANG_WARN_STRICT_PROTOTYPES = YES;
				CLANG_WARN_SUSPICIOUS_MOVE = YES;
				CLANG_WARN_UNGUARDED_AVAILABILITY = YES_AGGRESSIVE;
				CLANG_WARN_UNREACHABLE_CODE = YES;
				CLANG_WARN__DUPLICATE_METHOD_MATCH = YES;
				COPY_PHASE_STRIP = NO;
				DEBUG_INFORMATION_FORMAT = "dwarf-with-dsym";
				ENABLE_NS_ASSERTIONS = NO;
				ENABLE_STRICT_OBJC_MSGSEND = YES;
				GCC_C_LANGUAGE_STANDARD = gnu11;
				GCC_NO_COMMON_BLOCKS = YES;
				GCC_WARN_64_TO_32_BIT_CONVERSION = YES;
				GCC_WARN_ABOUT_RETURN_TYPE = YES_ERROR;
				GCC_WARN_UNDECLARED_SELECTOR = YES;
				GCC_WARN_UNINITIALIZED_AUTOS = YES_AGGRESSIVE;
				GCC_WARN_UNUSED_FUNCTION = YES;
				GCC_WARN_UNUSED_VARIABLE = YES;
				IPHONEOS_DEPLOYMENT_TARGET = 13.1;
				MTL_ENABLE_DEBUG_INFO = NO;
				MTL_FAST_MATH = YES;
				SDKROOT = iphoneos;
				SWIFT_COMPILATION_MODE = wholemodule;
				SWIFT_OPTIMIZATION_LEVEL = "-O";
				VALIDATE_PRODUCT = YES;
			};
			name = Release;
		};
		9DCC7DA023DB541800A56E1B /* Debug */ = {
			isa = XCBuildConfiguration;
			buildSettings = {
				ASSETCATALOG_COMPILER_APPICON_NAME = AppIcon;
				CODE_SIGN_STYLE = Automatic;
				DEVELOPMENT_TEAM = UX698QMC48;
				INFOPLIST_FILE = OpenWeatherApp/Info.plist;
				IPHONEOS_DEPLOYMENT_TARGET = 10.3;
				LD_RUNPATH_SEARCH_PATHS = (
					"$(inherited)",
					"@executable_path/Frameworks",
				);
				PRODUCT_BUNDLE_IDENTIFIER = Swift.OpenWeatherApp;
				PRODUCT_NAME = "$(TARGET_NAME)";
				SWIFT_VERSION = 5.0;
				TARGETED_DEVICE_FAMILY = "1,2";
			};
			name = Debug;
		};
		9DCC7DA123DB541800A56E1B /* Release */ = {
			isa = XCBuildConfiguration;
			buildSettings = {
				ASSETCATALOG_COMPILER_APPICON_NAME = AppIcon;
				CODE_SIGN_STYLE = Automatic;
				DEVELOPMENT_TEAM = UX698QMC48;
				INFOPLIST_FILE = OpenWeatherApp/Info.plist;
				IPHONEOS_DEPLOYMENT_TARGET = 10.3;
				LD_RUNPATH_SEARCH_PATHS = (
					"$(inherited)",
					"@executable_path/Frameworks",
				);
				PRODUCT_BUNDLE_IDENTIFIER = Swift.OpenWeatherApp;
				PRODUCT_NAME = "$(TARGET_NAME)";
				SWIFT_VERSION = 5.0;
				TARGETED_DEVICE_FAMILY = "1,2";
			};
			name = Release;
		};
/* End XCBuildConfiguration section */

/* Begin XCConfigurationList section */
		9DCC7D8623DB541700A56E1B /* Build configuration list for PBXProject "OpenWeatherApp" */ = {
			isa = XCConfigurationList;
			buildConfigurations = (
				9DCC7D9D23DB541800A56E1B /* Debug */,
				9DCC7D9E23DB541800A56E1B /* Release */,
			);
			defaultConfigurationIsVisible = 0;
			defaultConfigurationName = Release;
		};
		9DCC7D9F23DB541800A56E1B /* Build configuration list for PBXNativeTarget "OpenWeatherApp" */ = {
			isa = XCConfigurationList;
			buildConfigurations = (
				9DCC7DA023DB541800A56E1B /* Debug */,
				9DCC7DA123DB541800A56E1B /* Release */,
			);
			defaultConfigurationIsVisible = 0;
			defaultConfigurationName = Release;
		};
/* End XCConfigurationList section */

/* Begin XCVersionGroup section */
		9DCC7DAC23DED02800A56E1B /* WeatherModel.xcdatamodeld */ = {
			isa = XCVersionGroup;
			children = (
				9DCC7DAD23DED02800A56E1B /* WeatherModel.xcdatamodel */,
			);
			currentVersion = 9DCC7DAD23DED02800A56E1B /* WeatherModel.xcdatamodel */;
			path = WeatherModel.xcdatamodeld;
			sourceTree = "<group>";
			versionGroupType = wrapper.xcdatamodel;
		};
/* End XCVersionGroup section */
	};
	rootObject = 9DCC7D8323DB541700A56E1B /* Project object */;
}
